// !$*UTF8*$!
{
	archiveVersion = 1;
	classes = {
	};
	objectVersion = 51;
	objects = {

/* Begin PBXBuildFile section */
		B81529A4EAD763C969E53CEC /* Pods_AmplifySearchableTest.framework in Frameworks */ = {isa = PBXBuildFile; fileRef = 3AD0C168BD3037B88DA3CD5F /* Pods_AmplifySearchableTest.framework */; };
		B91569FA24EB6B9F00D945F8 /* AppDelegate.swift in Sources */ = {isa = PBXBuildFile; fileRef = B91569F924EB6B9F00D945F8 /* AppDelegate.swift */; };
		B91569FC24EB6B9F00D945F8 /* SceneDelegate.swift in Sources */ = {isa = PBXBuildFile; fileRef = B91569FB24EB6B9F00D945F8 /* SceneDelegate.swift */; };
		B91569FE24EB6B9F00D945F8 /* ContentView.swift in Sources */ = {isa = PBXBuildFile; fileRef = B91569FD24EB6B9F00D945F8 /* ContentView.swift */; };
		B9156A0024EB6BA100D945F8 /* Assets.xcassets in Resources */ = {isa = PBXBuildFile; fileRef = B91569FF24EB6BA100D945F8 /* Assets.xcassets */; };
		B9156A0324EB6BA100D945F8 /* Preview Assets.xcassets in Resources */ = {isa = PBXBuildFile; fileRef = B9156A0224EB6BA100D945F8 /* Preview Assets.xcassets */; };
		B9156A0624EB6BA100D945F8 /* LaunchScreen.storyboard in Resources */ = {isa = PBXBuildFile; fileRef = B9156A0424EB6BA100D945F8 /* LaunchScreen.storyboard */; };
/* End PBXBuildFile section */

/* Begin PBXFileReference section */
		0ED64730C246A9345F8BDDAC /* Pods-AmplifySearchableTest.debug.xcconfig */ = {isa = PBXFileReference; includeInIndex = 1; lastKnownFileType = text.xcconfig; name = "Pods-AmplifySearchableTest.debug.xcconfig"; path = "Target Support Files/Pods-AmplifySearchableTest/Pods-AmplifySearchableTest.debug.xcconfig"; sourceTree = "<group>"; };
		3AD0C168BD3037B88DA3CD5F /* Pods_AmplifySearchableTest.framework */ = {isa = PBXFileReference; explicitFileType = wrapper.framework; includeInIndex = 0; path = Pods_AmplifySearchableTest.framework; sourceTree = BUILT_PRODUCTS_DIR; };
		A2AF5B0D3D336EC834DC578A /* Pods-AmplifySearchableTest.release.xcconfig */ = {isa = PBXFileReference; includeInIndex = 1; lastKnownFileType = text.xcconfig; name = "Pods-AmplifySearchableTest.release.xcconfig"; path = "Target Support Files/Pods-AmplifySearchableTest/Pods-AmplifySearchableTest.release.xcconfig"; sourceTree = "<group>"; };
		B91569F624EB6B9F00D945F8 /* AmplifySearchableTest.app */ = {isa = PBXFileReference; explicitFileType = wrapper.application; includeInIndex = 0; path = AmplifySearchableTest.app; sourceTree = BUILT_PRODUCTS_DIR; };
		B91569F924EB6B9F00D945F8 /* AppDelegate.swift */ = {isa = PBXFileReference; lastKnownFileType = sourcecode.swift; path = AppDelegate.swift; sourceTree = "<group>"; };
		B91569FB24EB6B9F00D945F8 /* SceneDelegate.swift */ = {isa = PBXFileReference; lastKnownFileType = sourcecode.swift; path = SceneDelegate.swift; sourceTree = "<group>"; };
		B91569FD24EB6B9F00D945F8 /* ContentView.swift */ = {isa = PBXFileReference; lastKnownFileType = sourcecode.swift; path = ContentView.swift; sourceTree = "<group>"; };
		B91569FF24EB6BA100D945F8 /* Assets.xcassets */ = {isa = PBXFileReference; lastKnownFileType = folder.assetcatalog; path = Assets.xcassets; sourceTree = "<group>"; };
		B9156A0224EB6BA100D945F8 /* Preview Assets.xcassets */ = {isa = PBXFileReference; lastKnownFileType = folder.assetcatalog; path = "Preview Assets.xcassets"; sourceTree = "<group>"; };
		B9156A0524EB6BA100D945F8 /* Base */ = {isa = PBXFileReference; lastKnownFileType = file.storyboard; name = Base; path = Base.lproj/LaunchScreen.storyboard; sourceTree = "<group>"; };
		B9156A0724EB6BA100D945F8 /* Info.plist */ = {isa = PBXFileReference; lastKnownFileType = text.plist.xml; path = Info.plist; sourceTree = "<group>"; };
/* End PBXFileReference section */

/* Begin PBXFrameworksBuildPhase section */
		B91569F324EB6B9F00D945F8 /* Frameworks */ = {
			isa = PBXFrameworksBuildPhase;
			buildActionMask = 2147483647;
			files = (
				B81529A4EAD763C969E53CEC /* Pods_AmplifySearchableTest.framework in Frameworks */,
			);
			runOnlyForDeploymentPostprocessing = 0;
		};
/* End PBXFrameworksBuildPhase section */

/* Begin PBXGroup section */
		5469A6490AB9821FE174915F /* Pods */ = {
			isa = PBXGroup;
			children = (
				0ED64730C246A9345F8BDDAC /* Pods-AmplifySearchableTest.debug.xcconfig */,
				A2AF5B0D3D336EC834DC578A /* Pods-AmplifySearchableTest.release.xcconfig */,
			);
			path = Pods;
			sourceTree = "<group>";
		};
		7178863468757AA6A3D735FC /* Frameworks */ = {
			isa = PBXGroup;
			children = (
				3AD0C168BD3037B88DA3CD5F /* Pods_AmplifySearchableTest.framework */,
			);
			name = Frameworks;
			sourceTree = "<group>";
		};
		B91569ED24EB6B9F00D945F8 = {
			isa = PBXGroup;
			children = (
				B91569F824EB6B9F00D945F8 /* AmplifySearchableTest */,
				B91569F724EB6B9F00D945F8 /* Products */,
				5469A6490AB9821FE174915F /* Pods */,
				7178863468757AA6A3D735FC /* Frameworks */,
			);
			sourceTree = "<group>";
		};
		B91569F724EB6B9F00D945F8 /* Products */ = {
			isa = PBXGroup;
			children = (
				B91569F624EB6B9F00D945F8 /* AmplifySearchableTest.app */,
			);
			name = Products;
			sourceTree = "<group>";
		};
		B91569F824EB6B9F00D945F8 /* AmplifySearchableTest */ = {
			isa = PBXGroup;
			children = (
				B91569F924EB6B9F00D945F8 /* AppDelegate.swift */,
				B91569FF24EB6BA100D945F8 /* Assets.xcassets */,
				B91569FD24EB6B9F00D945F8 /* ContentView.swift */,
				B9156A0724EB6BA100D945F8 /* Info.plist */,
				B9156A0424EB6BA100D945F8 /* LaunchScreen.storyboard */,
				B9156A0124EB6BA100D945F8 /* Preview Content */,
				B91569FB24EB6B9F00D945F8 /* SceneDelegate.swift */,
			);
			path = AmplifySearchableTest;
			sourceTree = "<group>";
		};
		B9156A0124EB6BA100D945F8 /* Preview Content */ = {
			isa = PBXGroup;
			children = (
				B9156A0224EB6BA100D945F8 /* Preview Assets.xcassets */,
			);
			path = "Preview Content";
			sourceTree = "<group>";
		};
/* End PBXGroup section */

/* Begin PBXNativeTarget section */
		B91569F524EB6B9F00D945F8 /* AmplifySearchableTest */ = {
			isa = PBXNativeTarget;
			buildConfigurationList = B9156A0A24EB6BA100D945F8 /* Build configuration list for PBXNativeTarget "AmplifySearchableTest" */;
			buildPhases = (
				0EC34EA925521764AB9D4442 /* [CP] Check Pods Manifest.lock */,
				B9156A0D24EB6CDF00D945F8 /* SwiftFormat */,
				B91569F224EB6B9F00D945F8 /* Sources */,
				B91569F324EB6B9F00D945F8 /* Frameworks */,
				B91569F424EB6B9F00D945F8 /* Resources */,
				C7A270733A59E94FB0886D05 /* [CP] Embed Pods Frameworks */,
			);
			buildRules = (
			);
			dependencies = (
			);
			name = AmplifySearchableTest;
			productName = AmplifySearchableTest;
			productReference = B91569F624EB6B9F00D945F8 /* AmplifySearchableTest.app */;
			productType = "com.apple.product-type.application";
		};
/* End PBXNativeTarget section */

/* Begin PBXProject section */
		B91569EE24EB6B9F00D945F8 /* Project object */ = {
			isa = PBXProject;
			attributes = {
				LastSwiftUpdateCheck = 1130;
				LastUpgradeCheck = 1130;
				ORGANIZATIONNAME = Amazon;
				TargetAttributes = {
					B91569F524EB6B9F00D945F8 = {
						CreatedOnToolsVersion = 11.3.1;
					};
				};
			};
			buildConfigurationList = B91569F124EB6B9F00D945F8 /* Build configuration list for PBXProject "AmplifySearchableTest" */;
			compatibilityVersion = "Xcode 9.3";
			developmentRegion = en;
			hasScannedForEncodings = 0;
			knownRegions = (
				en,
				Base,
			);
			mainGroup = B91569ED24EB6B9F00D945F8;
			productRefGroup = B91569F724EB6B9F00D945F8 /* Products */;
			projectDirPath = "";
			projectRoot = "";
			targets = (
				B91569F524EB6B9F00D945F8 /* AmplifySearchableTest */,
			);
		};
/* End PBXProject section */

/* Begin PBXResourcesBuildPhase section */
		B91569F424EB6B9F00D945F8 /* Resources */ = {
			isa = PBXResourcesBuildPhase;
			buildActionMask = 2147483647;
			files = (
				B9156A0624EB6BA100D945F8 /* LaunchScreen.storyboard in Resources */,
				B9156A0324EB6BA100D945F8 /* Preview Assets.xcassets in Resources */,
				B9156A0024EB6BA100D945F8 /* Assets.xcassets in Resources */,
			);
			runOnlyForDeploymentPostprocessing = 0;
		};
/* End PBXResourcesBuildPhase section */

/* Begin PBXShellScriptBuildPhase section */
		0EC34EA925521764AB9D4442 /* [CP] Check Pods Manifest.lock */ = {
			isa = PBXShellScriptBuildPhase;
			buildActionMask = 2147483647;
			files = (
			);
			inputFileListPaths = (
			);
			inputPaths = (
				"${PODS_PODFILE_DIR_PATH}/Podfile.lock",
				"${PODS_ROOT}/Manifest.lock",
			);
			name = "[CP] Check Pods Manifest.lock";
			outputFileListPaths = (
			);
			outputPaths = (
				"$(DERIVED_FILE_DIR)/Pods-AmplifySearchableTest-checkManifestLockResult.txt",
			);
			runOnlyForDeploymentPostprocessing = 0;
			shellPath = /bin/sh;
			shellScript = "diff \"${PODS_PODFILE_DIR_PATH}/Podfile.lock\" \"${PODS_ROOT}/Manifest.lock\" > /dev/null\nif [ $? != 0 ] ; then\n    # print error to STDERR\n    echo \"error: The sandbox is not in sync with the Podfile.lock. Run 'pod install' or update your CocoaPods installation.\" >&2\n    exit 1\nfi\n# This output is used by Xcode 'outputs' to avoid re-running this script phase.\necho \"SUCCESS\" > \"${SCRIPT_OUTPUT_FILE_0}\"\n";
			showEnvVarsInLog = 0;
		};
		B9156A0D24EB6CDF00D945F8 /* SwiftFormat */ = {
			isa = PBXShellScriptBuildPhase;
			buildActionMask = 2147483647;
			files = (
			);
			inputFileListPaths = (
			);
			inputPaths = (
			);
			name = SwiftFormat;
			outputFileListPaths = (
			);
			outputPaths = (
			);
			runOnlyForDeploymentPostprocessing = 0;
			shellPath = /bin/sh;
			shellScript = "\"${PODS_ROOT}/SwiftFormat/CommandLineTool/swiftformat\" --swiftversion \"$SWIFT_VERSION\" \"$SRCROOT\"\n";
		};
		C7A270733A59E94FB0886D05 /* [CP] Embed Pods Frameworks */ = {
			isa = PBXShellScriptBuildPhase;
			buildActionMask = 2147483647;
			files = (
			);
			inputFileListPaths = (
				"${PODS_ROOT}/Target Support Files/Pods-AmplifySearchableTest/Pods-AmplifySearchableTest-frameworks-${CONFIGURATION}-input-files.xcfilelist",
			);
			name = "[CP] Embed Pods Frameworks";
			outputFileListPaths = (
				"${PODS_ROOT}/Target Support Files/Pods-AmplifySearchableTest/Pods-AmplifySearchableTest-frameworks-${CONFIGURATION}-output-files.xcfilelist",
			);
			runOnlyForDeploymentPostprocessing = 0;
			shellPath = /bin/sh;
			shellScript = "\"${PODS_ROOT}/Target Support Files/Pods-AmplifySearchableTest/Pods-AmplifySearchableTest-frameworks.sh\"\n";
			showEnvVarsInLog = 0;
		};
/* End PBXShellScriptBuildPhase section */

/* Begin PBXSourcesBuildPhase section */
		B91569F224EB6B9F00D945F8 /* Sources */ = {
			isa = PBXSourcesBuildPhase;
			buildActionMask = 2147483647;
			files = (
				B91569FA24EB6B9F00D945F8 /* AppDelegate.swift in Sources */,
				B91569FC24EB6B9F00D945F8 /* SceneDelegate.swift in Sources */,
				B91569FE24EB6B9F00D945F8 /* ContentView.swift in Sources */,
			);
			runOnlyForDeploymentPostprocessing = 0;
		};
/* End PBXSourcesBuildPhase section */

/* Begin PBXVariantGroup section */
		B9156A0424EB6BA100D945F8 /* LaunchScreen.storyboard */ = {
			isa = PBXVariantGroup;
			children = (
				B9156A0524EB6BA100D945F8 /* Base */,
			);
			name = LaunchScreen.storyboard;
			sourceTree = "<group>";
		};
/* End PBXVariantGroup section */

/* Begin XCBuildConfiguration section */
		B9156A0824EB6BA100D945F8 /* Debug */ = {
			isa = XCBuildConfiguration;
			buildSettings = {
				ALWAYS_SEARCH_USER_PATHS = NO;
				CLANG_ANALYZER_NONNULL = YES;
				CLANG_ANALYZER_NUMBER_OBJECT_CONVERSION = YES_AGGRESSIVE;
				CLANG_CXX_LANGUAGE_STANDARD = "gnu++14";
				CLANG_CXX_LIBRARY = "libc++";
				CLANG_ENABLE_MODULES = YES;
				CLANG_ENABLE_OBJC_ARC = YES;
				CLANG_ENABLE_OBJC_WEAK = YES;
				CLANG_WARN_BLOCK_CAPTURE_AUTORELEASING = YES;
				CLANG_WARN_BOOL_CONVERSION = YES;
				CLANG_WARN_COMMA = YES;
				CLANG_WARN_CONSTANT_CONVERSION = YES;
				CLANG_WARN_DEPRECATED_OBJC_IMPLEMENTATIONS = YES;
				CLANG_WARN_DIRECT_OBJC_ISA_USAGE = YES_ERROR;
				CLANG_WARN_DOCUMENTATION_COMMENTS = YES;
				CLANG_WARN_EMPTY_BODY = YES;
				CLANG_WARN_ENUM_CONVERSION = YES;
				CLANG_WARN_INFINITE_RECURSION = YES;
				CLANG_WARN_INT_CONVERSION = YES;
				CLANG_WARN_NON_LITERAL_NULL_CONVERSION = YES;
				CLANG_WARN_OBJC_IMPLICIT_RETAIN_SELF = YES;
				CLANG_WARN_OBJC_LITERAL_CONVERSION = YES;
				CLANG_WARN_OBJC_ROOT_CLASS = YES_ERROR;
				CLANG_WARN_RANGE_LOOP_ANALYSIS = YES;
				CLANG_WARN_STRICT_PROTOTYPES = YES;
				CLANG_WARN_SUSPICIOUS_MOVE = YES;
				CLANG_WARN_UNGUARDED_AVAILABILITY = YES_AGGRESSIVE;
				CLANG_WARN_UNREACHABLE_CODE = YES;
				CLANG_WARN__DUPLICATE_METHOD_MATCH = YES;
				COPY_PHASE_STRIP = NO;
				DEBUG_INFORMATION_FORMAT = dwarf;
				ENABLE_STRICT_OBJC_MSGSEND = YES;
				ENABLE_TESTABILITY = YES;
				GCC_C_LANGUAGE_STANDARD = gnu11;
				GCC_DYNAMIC_NO_PIC = NO;
				GCC_NO_COMMON_BLOCKS = YES;
				GCC_OPTIMIZATION_LEVEL = 0;
				GCC_PREPROCESSOR_DEFINITIONS = (
					"DEBUG=1",
					"$(inherited)",
				);
				GCC_WARN_64_TO_32_BIT_CONVERSION = YES;
				GCC_WARN_ABOUT_RETURN_TYPE = YES_ERROR;
				GCC_WARN_UNDECLARED_SELECTOR = YES;
				GCC_WARN_UNINITIALIZED_AUTOS = YES_AGGRESSIVE;
				GCC_WARN_UNUSED_FUNCTION = YES;
				GCC_WARN_UNUSED_VARIABLE = YES;
				IPHONEOS_DEPLOYMENT_TARGET = 13.2;
				MTL_ENABLE_DEBUG_INFO = INCLUDE_SOURCE;
				MTL_FAST_MATH = YES;
				ONLY_ACTIVE_ARCH = YES;
				SDKROOT = iphoneos;
				SWIFT_ACTIVE_COMPILATION_CONDITIONS = DEBUG;
				SWIFT_OPTIMIZATION_LEVEL = "-Onone";
			};
			name = Debug;
		};
		B9156A0924EB6BA100D945F8 /* Release */ = {
			isa = XCBuildConfiguration;
			buildSettings = {
				ALWAYS_SEARCH_USER_PATHS = NO;
				CLANG_ANALYZER_NONNULL = YES;
				CLANG_ANALYZER_NUMBER_OBJECT_CONVERSION = YES_AGGRESSIVE;
				CLANG_CXX_LANGUAGE_STANDARD = "gnu++14";
				CLANG_CXX_LIBRARY = "libc++";
				CLANG_ENABLE_MODULES = YES;
				CLANG_ENABLE_OBJC_ARC = YES;
				CLANG_ENABLE_OBJC_WEAK = YES;
				CLANG_WARN_BLOCK_CAPTURE_AUTORELEASING = YES;
				CLANG_WARN_BOOL_CONVERSION = YES;
				CLANG_WARN_COMMA = YES;
				CLANG_WARN_CONSTANT_CONVERSION = YES;
				CLANG_WARN_DEPRECATED_OBJC_IMPLEMENTATIONS = YES;
				CLANG_WARN_DIRECT_OBJC_ISA_USAGE = YES_ERROR;
				CLANG_WARN_DOCUMENTATION_COMMENTS = YES;
				CLANG_WARN_EMPTY_BODY = YES;
				CLANG_WARN_ENUM_CONVERSION = YES;
				CLANG_WARN_INFINITE_RECURSION = YES;
				CLANG_WARN_INT_CONVERSION = YES;
				CLANG_WARN_NON_LITERAL_NULL_CONVERSION = YES;
				CLANG_WARN_OBJC_IMPLICIT_RETAIN_SELF = YES;
				CLANG_WARN_OBJC_LITERAL_CONVERSION = YES;
				CLANG_WARN_OBJC_ROOT_CLASS = YES_ERROR;
				CLANG_WARN_RANGE_LOOP_ANALYSIS = YES;
				CLANG_WARN_STRICT_PROTOTYPES = YES;
				CLANG_WARN_SUSPICIOUS_MOVE = YES;
				CLANG_WARN_UNGUARDED_AVAILABILITY = YES_AGGRESSIVE;
				CLANG_WARN_UNREACHABLE_CODE = YES;
				CLANG_WARN__DUPLICATE_METHOD_MATCH = YES;
				COPY_PHASE_STRIP = NO;
				DEBUG_INFORMATION_FORMAT = "dwarf-with-dsym";
				ENABLE_NS_ASSERTIONS = NO;
				ENABLE_STRICT_OBJC_MSGSEND = YES;
				GCC_C_LANGUAGE_STANDARD = gnu11;
				GCC_NO_COMMON_BLOCKS = YES;
				GCC_WARN_64_TO_32_BIT_CONVERSION = YES;
				GCC_WARN_ABOUT_RETURN_TYPE = YES_ERROR;
				GCC_WARN_UNDECLARED_SELECTOR = YES;
				GCC_WARN_UNINITIALIZED_AUTOS = YES_AGGRESSIVE;
				GCC_WARN_UNUSED_FUNCTION = YES;
				GCC_WARN_UNUSED_VARIABLE = YES;
				IPHONEOS_DEPLOYMENT_TARGET = 13.2;
				MTL_ENABLE_DEBUG_INFO = NO;
				MTL_FAST_MATH = YES;
				SDKROOT = iphoneos;
				SWIFT_COMPILATION_MODE = wholemodule;
				SWIFT_OPTIMIZATION_LEVEL = "-O";
				VALIDATE_PRODUCT = YES;
			};
			name = Release;
		};
		B9156A0B24EB6BA100D945F8 /* Debug */ = {
			isa = XCBuildConfiguration;
			baseConfigurationReference = 0ED64730C246A9345F8BDDAC /* Pods-AmplifySearchableTest.debug.xcconfig */;
			buildSettings = {
				ASSETCATALOG_COMPILER_APPICON_NAME = AppIcon;
				CODE_SIGN_STYLE = Automatic;
				DEVELOPMENT_ASSET_PATHS = "\"AmplifySearchableTest/Preview Content\"";
				DEVELOPMENT_TEAM = W3DRXD72QU;
				ENABLE_PREVIEWS = YES;
				INFOPLIST_FILE = AmplifySearchableTest/Info.plist;
				LD_RUNPATH_SEARCH_PATHS = (
					"$(inherited)",
					"@executable_path/Frameworks",
				);
				PRODUCT_BUNDLE_IDENTIFIER = com.amazonaws.test.AmplifySearchableTest;
				PRODUCT_NAME = "$(TARGET_NAME)";
				SWIFT_VERSION = 5.0;
				TARGETED_DEVICE_FAMILY = "1,2";
			};
			name = Debug;
		};
		B9156A0C24EB6BA100D945F8 /* Release */ = {
			isa = XCBuildConfiguration;
			baseConfigurationReference = A2AF5B0D3D336EC834DC578A /* Pods-AmplifySearchableTest.release.xcconfig */;
			buildSettings = {
				ASSETCATALOG_COMPILER_APPICON_NAME = AppIcon;
				CODE_SIGN_STYLE = Automatic;
				DEVELOPMENT_ASSET_PATHS = "\"AmplifySearchableTest/Preview Content\"";
				DEVELOPMENT_TEAM = W3DRXD72QU;
				ENABLE_PREVIEWS = YES;
				INFOPLIST_FILE = AmplifySearchableTest/Info.plist;
				LD_RUNPATH_SEARCH_PATHS = (
					"$(inherited)",
					"@executable_path/Frameworks",
				);
				PRODUCT_BUNDLE_IDENTIFIER = com.amazonaws.test.AmplifySearchableTest;
				PRODUCT_NAME = "$(TARGET_NAME)";
				SWIFT_VERSION = 5.0;
				TARGETED_DEVICE_FAMILY = "1,2";
			};
			name = Release;
		};
/* End XCBuildConfiguration section */

/* Begin XCConfigurationList section */
		B91569F124EB6B9F00D945F8 /* Build configuration list for PBXProject "AmplifySearchableTest" */ = {
			isa = XCConfigurationList;
			buildConfigurations = (
				B9156A0824EB6BA100D945F8 /* Debug */,
				B9156A0924EB6BA100D945F8 /* Release */,
			);
			defaultConfigurationIsVisible = 0;
			defaultConfigurationName = Release;
		};
		B9156A0A24EB6BA100D945F8 /* Build configuration list for PBXNativeTarget "AmplifySearchableTest" */ = {
			isa = XCConfigurationList;
			buildConfigurations = (
				B9156A0B24EB6BA100D945F8 /* Debug */,
				B9156A0C24EB6BA100D945F8 /* Release */,
			);
			defaultConfigurationIsVisible = 0;
			defaultConfigurationName = Release;
		};
/* End XCConfigurationList section */
	};
	rootObject = B91569EE24EB6B9F00D945F8 /* Project object */;
}
